
Microsoft Visual Studio Solution File, Format Version 12.00
# Visual Studio 2013
VisualStudioVersion = 12.0.21005.1
MinimumVisualStudioVersion = 10.0.40219.1
Project("{FAE04EC0-301F-11D3-BF4B-00C04F79EFBC}") = "FreeDnsCore", "FreeDnsCore\FreeDnsCore.csproj", "{DD0514BD-B782-429B-9BDD-A844B20DD101}"
EndProject
Project("{FAE04EC0-301F-11D3-BF4B-00C04F79EFBC}") = "FreeDnsService", "FreeDnsService\FreeDnsService.csproj", "{53FBFF2F-9098-4DD7-9EF5-BE86CEEAE98E}"
EndProject
Global
	GlobalSection(SolutionConfigurationPlatforms) = preSolution
		Debug|Any CPU = Debug|Any CPU
		Release|Any CPU = Release|Any CPU
	EndGlobalSection
	GlobalSection(ProjectConfigurationPlatforms) = postSolution
		{DD0514BD-B782-429B-9BDD-A844B20DD101}.Debug|Any CPU.ActiveCfg = Debug|Any CPU
		{DD0514BD-B782-429B-9BDD-A844B20DD101}.Debug|Any CPU.Build.0 = Debug|Any CPU
		{DD0514BD-B782-429B-9BDD-A844B20DD101}.Release|Any CPU.ActiveCfg = Release|Any CPU
		{DD0514BD-B782-429B-9BDD-A844B20DD101}.Release|Any CPU.Build.0 = Release|Any CPU
		{53FBFF2F-9098-4DD7-9EF5-BE86CEEAE98E}.Debug|Any CPU.ActiveCfg = Debug|Any CPU
		{53FBFF2F-9098-4DD7-9EF5-BE86CEEAE98E}.Debug|Any CPU.Build.0 = Debug|Any CPU
		{53FBFF2F-9098-4DD7-9EF5-BE86CEEAE98E}.Release|Any CPU.ActiveCfg = Release|Any CPU
		{53FBFF2F-9098-4DD7-9EF5-BE86CEEAE98E}.Release|Any CPU.Build.0 = Release|Any CPU
	EndGlobalSection
	GlobalSection(SolutionProperties) = preSolution
		HideSolutionNode = FALSE
	EndGlobalSection
EndGlobal
